{
  "name": "static",
  "lockfileVersion": 3,
  "requires": true,
  "packages": {
    "": {
      "dependencies": {
        "elevator.js": "^1.0.1"
      }
    },
    "node_modules/elevator.js": {
      "version": "1.0.1",
      "resolved": "https://registry.npmjs.org/elevator.js/-/elevator.js-1.0.1.tgz",
      "integrity": "sha512-3+jUQIrUxDGjhF7cyrxi+NcqaDkYhQ+Y2UfVqozYMLxAY1i9l2ZjLWzPlFMFc4nx3SPYf9EPHEn1zUqpIWlXng=="
    }
  }
}
